
Microsoft Visual Studio Solution File, Format Version 12.00
# Visual Studio 15
VisualStudioVersion = 15.0.28307.645
MinimumVisualStudioVersion = 10.0.40219.1
Project("{FAE04EC0-301F-11D3-BF4B-00C04F79EFBC}") = "Weighted-EB-AFIT", "Weighted-EB-AFIT\Weighted-EB-AFIT.csproj", "{245C60B1-B80B-4B25-8B2A-AD8B357F46C9}"
EndProject
Global
	GlobalSection(SolutionConfigurationPlatforms) = preSolution
		Debug|Any CPU = Debug|Any CPU
		Release|Any CPU = Release|Any CPU
	EndGlobalSection
	GlobalSection(ProjectConfigurationPlatforms) = postSolution
		{245C60B1-B80B-4B25-8B2A-AD8B357F46C9}.Debug|Any CPU.ActiveCfg = Debug|Any CPU
		{245C60B1-B80B-4B25-8B2A-AD8B357F46C9}.Debug|Any CPU.Build.0 = Debug|Any CPU
		{245C60B1-B80B-4B25-8B2A-AD8B357F46C9}.Release|Any CPU.ActiveCfg = Release|Any CPU
		{245C60B1-B80B-4B25-8B2A-AD8B357F46C9}.Release|Any CPU.Build.0 = Release|Any CPU
	EndGlobalSection
	GlobalSection(SolutionProperties) = preSolution
		HideSolutionNode = FALSE
	EndGlobalSection
	GlobalSection(ExtensibilityGlobals) = postSolution
		SolutionGuid = {246DDD30-9F49-44D9-92FB-A5D92F73E923}
	EndGlobalSection
EndGlobal
